
Microsoft Visual Studio Solution File, Format Version 12.00
# Visual Studio Version 16
VisualStudioVersion = 16.0.810.23
MinimumVisualStudioVersion = 10.0.40219.1
Project("{FAE04EC0-301F-11D3-BF4B-00C04F79EFBC}") = "SmartPlantApp.iOS", "SmartPlantApp.iOS\SmartPlantApp.iOS.csproj", "{92235EBC-257F-4BA1-B11D-72C954651F29}"
EndProject
Project("{FAE04EC0-301F-11D3-BF4B-00C04F79EFBC}") = "SmartPlantApp", "SmartPlantApp\SmartPlantApp.csproj", "{66826C36-6EED-4E1D-A0B5-C2634D96FF85}"
EndProject
Global
	GlobalSection(SolutionConfigurationPlatforms) = preSolution
		Debug|iPhoneSimulator = Debug|iPhoneSimulator
		Release|iPhoneSimulator = Release|iPhoneSimulator
		Debug|iPhone = Debug|iPhone
		Release|iPhone = Release|iPhone
		Debug|Any CPU = Debug|Any CPU
		Release|Any CPU = Release|Any CPU
	EndGlobalSection
	GlobalSection(ProjectConfigurationPlatforms) = postSolution
		{92235EBC-257F-4BA1-B11D-72C954651F29}.Debug|iPhoneSimulator.ActiveCfg = Debug|iPhoneSimulator
		{92235EBC-257F-4BA1-B11D-72C954651F29}.Debug|iPhoneSimulator.Build.0 = Debug|iPhoneSimulator
		{92235EBC-257F-4BA1-B11D-72C954651F29}.Release|iPhoneSimulator.ActiveCfg = Release|iPhoneSimulator
		{92235EBC-257F-4BA1-B11D-72C954651F29}.Release|iPhoneSimulator.Build.0 = Release|iPhoneSimulator
		{92235EBC-257F-4BA1-B11D-72C954651F29}.Debug|iPhone.ActiveCfg = Debug|iPhone
		{92235EBC-257F-4BA1-B11D-72C954651F29}.Debug|iPhone.Build.0 = Debug|iPhone
		{92235EBC-257F-4BA1-B11D-72C954651F29}.Release|iPhone.ActiveCfg = Release|iPhone
		{92235EBC-257F-4BA1-B11D-72C954651F29}.Release|iPhone.Build.0 = Release|iPhone
		{92235EBC-257F-4BA1-B11D-72C954651F29}.Debug|Any CPU.ActiveCfg = Debug|iPhoneSimulator
		{92235EBC-257F-4BA1-B11D-72C954651F29}.Debug|Any CPU.Build.0 = Debug|iPhoneSimulator
		{92235EBC-257F-4BA1-B11D-72C954651F29}.Release|Any CPU.ActiveCfg = Release|iPhoneSimulator
		{92235EBC-257F-4BA1-B11D-72C954651F29}.Release|Any CPU.Build.0 = Release|iPhoneSimulator
		{66826C36-6EED-4E1D-A0B5-C2634D96FF85}.Debug|iPhoneSimulator.ActiveCfg = Debug|Any CPU
		{66826C36-6EED-4E1D-A0B5-C2634D96FF85}.Debug|iPhoneSimulator.Build.0 = Debug|Any CPU
		{66826C36-6EED-4E1D-A0B5-C2634D96FF85}.Release|iPhoneSimulator.ActiveCfg = Release|Any CPU
		{66826C36-6EED-4E1D-A0B5-C2634D96FF85}.Release|iPhoneSimulator.Build.0 = Release|Any CPU
		{66826C36-6EED-4E1D-A0B5-C2634D96FF85}.Debug|iPhone.ActiveCfg = Debug|Any CPU
		{66826C36-6EED-4E1D-A0B5-C2634D96FF85}.Debug|iPhone.Build.0 = Debug|Any CPU
		{66826C36-6EED-4E1D-A0B5-C2634D96FF85}.Release|iPhone.ActiveCfg = Release|Any CPU
		{66826C36-6EED-4E1D-A0B5-C2634D96FF85}.Release|iPhone.Build.0 = Release|Any CPU
		{66826C36-6EED-4E1D-A0B5-C2634D96FF85}.Debug|Any CPU.ActiveCfg = Debug|Any CPU
		{66826C36-6EED-4E1D-A0B5-C2634D96FF85}.Debug|Any CPU.Build.0 = Debug|Any CPU
		{66826C36-6EED-4E1D-A0B5-C2634D96FF85}.Release|Any CPU.ActiveCfg = Release|Any CPU
		{66826C36-6EED-4E1D-A0B5-C2634D96FF85}.Release|Any CPU.Build.0 = Release|Any CPU
	EndGlobalSection
	GlobalSection(SolutionProperties) = preSolution
		HideSolutionNode = FALSE
	EndGlobalSection
	GlobalSection(ExtensibilityGlobals) = postSolution
		SolutionGuid = {64F65964-03CF-47D5-9DD7-6524D357A085}
	EndGlobalSection
EndGlobal
